
Microsoft Visual Studio Solution File, Format Version 12.00
# Visual Studio Version 17
VisualStudioVersion = 17.8.34330.188
MinimumVisualStudioVersion = 10.0.40219.1
Project("{FAE04EC0-301F-11D3-BF4B-00C04F79EFBC}") = "OOP-Exercise-8", "OOP-Exercise-8.csproj", "{95360FBF-4CFE-42DE-B421-61FDEAD0B84D}"
EndProject
Global
	GlobalSection(SolutionConfigurationPlatforms) = preSolution
		Debug|Any CPU = Debug|Any CPU
		Release|Any CPU = Release|Any CPU
	EndGlobalSection
	GlobalSection(ProjectConfigurationPlatforms) = postSolution
		{95360FBF-4CFE-42DE-B421-61FDEAD0B84D}.Debug|Any CPU.ActiveCfg = Debug|Any CPU
		{95360FBF-4CFE-42DE-B421-61FDEAD0B84D}.Debug|Any CPU.Build.0 = Debug|Any CPU
		{95360FBF-4CFE-42DE-B421-61FDEAD0B84D}.Release|Any CPU.ActiveCfg = Release|Any CPU
		{95360FBF-4CFE-42DE-B421-61FDEAD0B84D}.Release|Any CPU.Build.0 = Release|Any CPU
	EndGlobalSection
	GlobalSection(SolutionProperties) = preSolution
		HideSolutionNode = FALSE
	EndGlobalSection
	GlobalSection(ExtensibilityGlobals) = postSolution
		SolutionGuid = {EA08C887-4376-41AB-9009-40D86D66C770}
	EndGlobalSection
EndGlobal
